{
  "name": "pdf-ast",
  "version": "0.2.0-alpha.1",
  "lockfileVersion": 3,
  "requires": true,
  "packages": {
    "": {
      "name": "pdf-ast",
      "version": "0.2.0-alpha.1",
      "hasInstallScript": true,
      "license": "MIT",
      "dependencies": {
        "@types/node": "26.4.0"
      },
      "devDependencies": {
        "cargo-cp-artifact": "^0.1"
      },
      "engines": {
        "node": ">=14.0.0"
      },
      "optionalDependencies": {
        "@types/node": "^26.4.0"
      }
    },
    "node_modules/@types/node": {
      "version": "26.4.0",
      "resolved": "https://registry.npmjs.org/@types/node/-/node-26.4.0.tgz",
      "integrity": "sha512-faiGnoIrLH/V8cibOMEAZ8pMw6oXqSukl29ra4mN8GdaB2ZewzeaLj+INpV5N+Z1eKWzY+IzaIZH2EIR6YZRNQ==",
      "license": "MIT",
      "optional": true,
      "dependencies": {
        "undici-types": "~8.3.0"
      }
    },
    "node_modules/cargo-cp-artifact": {
      "version": "0.1.9",
      "resolved": "https://registry.npmjs.org/cargo-cp-artifact/-/cargo-cp-artifact-0.1.9.tgz",
      "integrity": "sha512-6F+UYzTaGB+awsTXg0uSJA1/b/B3DDJzpKVRu0UmyI7DmNeaAl2RFHuTGIN6fEgpadRxoXGb7gbC1xo4C3IdyA==",
      "dev": true,
      "license": "MIT",
      "bin": {
        "cargo-cp-artifact": "bin/cargo-cp-artifact.js"
      }
    },
    "node_modules/undici-types": {
      "version": "8.3.0",
      "resolved": "https://registry.npmjs.org/undici-types/-/undici-types-8.3.0.tgz",
      "integrity": "sha512-j375ScV60dom+YkPFIfTLcOiPxkN/buHz5GobjLhixFuANaNs3C9l4GmrWqejgXWJ7BbJcFYpTEUkS1Ge8bpZQ==",
      "license": "MIT",
      "optional": true
    }
  }
}
